
Microsoft Visual Studio Solution File, Format Version 12.00
# Visual Studio Version 16
VisualStudioVersion = 16.0.31025.194
MinimumVisualStudioVersion = 10.0.40219.1
Project("{9A19103F-16F7-4668-BE54-9A1E7A4F7556}") = "Ensurity.IdentityProvider", "Ensurity.IdentityProvider.csproj", "{086E4F2E-07A1-4E5E-8E31-BF2C8DAEC695}"
EndProject
Project("{9A19103F-16F7-4668-BE54-9A1E7A4F7556}") = "Client", "..\Client\Client.csproj", "{D21CE8BB-FFC7-4671-A650-D558610B321A}"
EndProject
Global
	GlobalSection(SolutionConfigurationPlatforms) = preSolution
		Debug|Any CPU = Debug|Any CPU
		Release|Any CPU = Release|Any CPU
	EndGlobalSection
	GlobalSection(ProjectConfigurationPlatforms) = postSolution
		{086E4F2E-07A1-4E5E-8E31-BF2C8DAEC695}.Debug|Any CPU.ActiveCfg = Debug|Any CPU
		{086E4F2E-07A1-4E5E-8E31-BF2C8DAEC695}.Debug|Any CPU.Build.0 = Debug|Any CPU
		{086E4F2E-07A1-4E5E-8E31-BF2C8DAEC695}.Release|Any CPU.ActiveCfg = Release|Any CPU
		{086E4F2E-07A1-4E5E-8E31-BF2C8DAEC695}.Release|Any CPU.Build.0 = Release|Any CPU
		{D21CE8BB-FFC7-4671-A650-D558610B321A}.Debug|Any CPU.ActiveCfg = Debug|Any CPU
		{D21CE8BB-FFC7-4671-A650-D558610B321A}.Debug|Any CPU.Build.0 = Debug|Any CPU
		{D21CE8BB-FFC7-4671-A650-D558610B321A}.Release|Any CPU.ActiveCfg = Release|Any CPU
		{D21CE8BB-FFC7-4671-A650-D558610B321A}.Release|Any CPU.Build.0 = Release|Any CPU
	EndGlobalSection
	GlobalSection(SolutionProperties) = preSolution
		HideSolutionNode = FALSE
	EndGlobalSection
	GlobalSection(ExtensibilityGlobals) = postSolution
		SolutionGuid = {E238F36B-F031-4F79-B174-AC1CECB473C2}
	EndGlobalSection
EndGlobal
